// !$*UTF8*$!
{
	archiveVersion = 1;
	classes = {
	};
	objectVersion = 50;
	objects = {

/* Begin PBXBuildFile section */
		686C9E03128734575E125EF8 /* Pods_DRMTest.framework in Frameworks */ = {isa = PBXBuildFile; fileRef = B4587EF37E76F607C7B62A21 /* Pods_DRMTest.framework */; };
		CCDA83AA26D0685D0074BB0C /* AppDelegate.swift in Sources */ = {isa = PBXBuildFile; fileRef = CCDA83A926D0685D0074BB0C /* AppDelegate.swift */; };
		CCDA83AC26D0685D0074BB0C /* SceneDelegate.swift in Sources */ = {isa = PBXBuildFile; fileRef = CCDA83AB26D0685D0074BB0C /* SceneDelegate.swift */; };
		CCDA83AE26D0685D0074BB0C /* ViewController.swift in Sources */ = {isa = PBXBuildFile; fileRef = CCDA83AD26D0685D0074BB0C /* ViewController.swift */; };
		CCDA83B126D0685D0074BB0C /* Main.storyboard in Resources */ = {isa = PBXBuildFile; fileRef = CCDA83AF26D0685D0074BB0C /* Main.storyboard */; };
		CCDA83B326D0685E0074BB0C /* Assets.xcassets in Resources */ = {isa = PBXBuildFile; fileRef = CCDA83B226D0685E0074BB0C /* Assets.xcassets */; };
		CCDA83B626D0685E0074BB0C /* LaunchScreen.storyboard in Resources */ = {isa = PBXBuildFile; fileRef = CCDA83B426D0685E0074BB0C /* LaunchScreen.storyboard */; };
/* End PBXBuildFile section */

/* Begin PBXFileReference section */
		80EFC9CAC58219E92DE12A0A /* Pods-DRMTest.release.xcconfig */ = {isa = PBXFileReference; includeInIndex = 1; lastKnownFileType = text.xcconfig; name = "Pods-DRMTest.release.xcconfig"; path = "Target Support Files/Pods-DRMTest/Pods-DRMTest.release.xcconfig"; sourceTree = "<group>"; };
		B4587EF37E76F607C7B62A21 /* Pods_DRMTest.framework */ = {isa = PBXFileReference; explicitFileType = wrapper.framework; includeInIndex = 0; path = Pods_DRMTest.framework; sourceTree = BUILT_PRODUCTS_DIR; };
		CAEF6F7EC92AAEDC3CAA5B3E /* Pods-DRMTest.debug.xcconfig */ = {isa = PBXFileReference; includeInIndex = 1; lastKnownFileType = text.xcconfig; name = "Pods-DRMTest.debug.xcconfig"; path = "Target Support Files/Pods-DRMTest/Pods-DRMTest.debug.xcconfig"; sourceTree = "<group>"; };
		CCDA83A626D0685D0074BB0C /* DRMTest.app */ = {isa = PBXFileReference; explicitFileType = wrapper.application; includeInIndex = 0; path = DRMTest.app; sourceTree = BUILT_PRODUCTS_DIR; };
		CCDA83A926D0685D0074BB0C /* AppDelegate.swift */ = {isa = PBXFileReference; lastKnownFileType = sourcecode.swift; path = AppDelegate.swift; sourceTree = "<group>"; };
		CCDA83AB26D0685D0074BB0C /* SceneDelegate.swift */ = {isa = PBXFileReference; lastKnownFileType = sourcecode.swift; path = SceneDelegate.swift; sourceTree = "<group>"; };
		CCDA83AD26D0685D0074BB0C /* ViewController.swift */ = {isa = PBXFileReference; lastKnownFileType = sourcecode.swift; path = ViewController.swift; sourceTree = "<group>"; };
		CCDA83B026D0685D0074BB0C /* Base */ = {isa = PBXFileReference; lastKnownFileType = file.storyboard; name = Base; path = Base.lproj/Main.storyboard; sourceTree = "<group>"; };
		CCDA83B226D0685E0074BB0C /* Assets.xcassets */ = {isa = PBXFileReference; lastKnownFileType = folder.assetcatalog; path = Assets.xcassets; sourceTree = "<group>"; };
		CCDA83B526D0685E0074BB0C /* Base */ = {isa = PBXFileReference; lastKnownFileType = file.storyboard; name = Base; path = Base.lproj/LaunchScreen.storyboard; sourceTree = "<group>"; };
		CCDA83B726D0685E0074BB0C /* Info.plist */ = {isa = PBXFileReference; lastKnownFileType = text.plist.xml; path = Info.plist; sourceTree = "<group>"; };
/* End PBXFileReference section */

/* Begin PBXFrameworksBuildPhase section */
		CCDA83A326D0685D0074BB0C /* Frameworks */ = {
			isa = PBXFrameworksBuildPhase;
			buildActionMask = 2147483647;
			files = (
				686C9E03128734575E125EF8 /* Pods_DRMTest.framework in Frameworks */,
			);
			runOnlyForDeploymentPostprocessing = 0;
		};
/* End PBXFrameworksBuildPhase section */

/* Begin PBXGroup section */
		099CE0541839F474A6CABDBD /* Pods */ = {
			isa = PBXGroup;
			children = (
				CAEF6F7EC92AAEDC3CAA5B3E /* Pods-DRMTest.debug.xcconfig */,
				80EFC9CAC58219E92DE12A0A /* Pods-DRMTest.release.xcconfig */,
			);
			name = Pods;
			path = Pods;
			sourceTree = "<group>";
		};
		6C9AC1B836A6DB6C0CA9D36C /* Frameworks */ = {
			isa = PBXGroup;
			children = (
				B4587EF37E76F607C7B62A21 /* Pods_DRMTest.framework */,
			);
			name = Frameworks;
			sourceTree = "<group>";
		};
		CCDA839D26D0685D0074BB0C = {
			isa = PBXGroup;
			children = (
				CCDA83A826D0685D0074BB0C /* DRMTest */,
				CCDA83A726D0685D0074BB0C /* Products */,
				099CE0541839F474A6CABDBD /* Pods */,
				6C9AC1B836A6DB6C0CA9D36C /* Frameworks */,
			);
			sourceTree = "<group>";
		};
		CCDA83A726D0685D0074BB0C /* Products */ = {
			isa = PBXGroup;
			children = (
				CCDA83A626D0685D0074BB0C /* DRMTest.app */,
			);
			name = Products;
			sourceTree = "<group>";
		};
		CCDA83A826D0685D0074BB0C /* DRMTest */ = {
			isa = PBXGroup;
			children = (
				CCDA83A926D0685D0074BB0C /* AppDelegate.swift */,
				CCDA83AB26D0685D0074BB0C /* SceneDelegate.swift */,
				CCDA83AD26D0685D0074BB0C /* ViewController.swift */,
				CCDA83AF26D0685D0074BB0C /* Main.storyboard */,
				CCDA83B226D0685E0074BB0C /* Assets.xcassets */,
				CCDA83B426D0685E0074BB0C /* LaunchScreen.storyboard */,
				CCDA83B726D0685E0074BB0C /* Info.plist */,
			);
			path = DRMTest;
			sourceTree = "<group>";
		};
/* End PBXGroup section */

/* Begin PBXNativeTarget section */
		CCDA83A526D0685D0074BB0C /* DRMTest */ = {
			isa = PBXNativeTarget;
			buildConfigurationList = CCDA83BA26D0685E0074BB0C /* Build configuration list for PBXNativeTarget "DRMTest" */;
			buildPhases = (
				3CA163D376F107AF9BB7A2CE /* [CP] Check Pods Manifest.lock */,
				CCDA83A226D0685D0074BB0C /* Sources */,
				CCDA83A326D0685D0074BB0C /* Frameworks */,
				CCDA83A426D0685D0074BB0C /* Resources */,
				D183F1651B09B7B081D1C0DC /* [CP] Embed Pods Frameworks */,
			);
			buildRules = (
			);
			dependencies = (
			);
			name = DRMTest;
			productName = DRMTest;
			productReference = CCDA83A626D0685D0074BB0C /* DRMTest.app */;
			productType = "com.apple.product-type.application";
		};
/* End PBXNativeTarget section */

/* Begin PBXProject section */
		CCDA839E26D0685D0074BB0C /* Project object */ = {
			isa = PBXProject;
			attributes = {
				LastSwiftUpdateCheck = 1250;
				LastUpgradeCheck = 1250;
				TargetAttributes = {
					CCDA83A526D0685D0074BB0C = {
						CreatedOnToolsVersion = 12.5.1;
					};
				};
			};
			buildConfigurationList = CCDA83A126D0685D0074BB0C /* Build configuration list for PBXProject "DRMTest" */;
			compatibilityVersion = "Xcode 9.3";
			developmentRegion = en;
			hasScannedForEncodings = 0;
			knownRegions = (
				en,
				Base,
			);
			mainGroup = CCDA839D26D0685D0074BB0C;
			productRefGroup = CCDA83A726D0685D0074BB0C /* Products */;
			projectDirPath = "";
			projectRoot = "";
			targets = (
				CCDA83A526D0685D0074BB0C /* DRMTest */,
			);
		};
/* End PBXProject section */

/* Begin PBXResourcesBuildPhase section */
		CCDA83A426D0685D0074BB0C /* Resources */ = {
			isa = PBXResourcesBuildPhase;
			buildActionMask = 2147483647;
			files = (
				CCDA83B626D0685E0074BB0C /* LaunchScreen.storyboard in Resources */,
				CCDA83B326D0685E0074BB0C /* Assets.xcassets in Resources */,
				CCDA83B126D0685D0074BB0C /* Main.storyboard in Resources */,
			);
			runOnlyForDeploymentPostprocessing = 0;
		};
/* End PBXResourcesBuildPhase section */

/* Begin PBXShellScriptBuildPhase section */
		3CA163D376F107AF9BB7A2CE /* [CP] Check Pods Manifest.lock */ = {
			isa = PBXShellScriptBuildPhase;
			buildActionMask = 2147483647;
			files = (
			);
			inputFileListPaths = (
			);
			inputPaths = (
				"${PODS_PODFILE_DIR_PATH}/Podfile.lock",
				"${PODS_ROOT}/Manifest.lock",
			);
			name = "[CP] Check Pods Manifest.lock";
			outputFileListPaths = (
			);
			outputPaths = (
				"$(DERIVED_FILE_DIR)/Pods-DRMTest-checkManifestLockResult.txt",
			);
			runOnlyForDeploymentPostprocessing = 0;
			shellPath = /bin/sh;
			shellScript = "diff \"${PODS_PODFILE_DIR_PATH}/Podfile.lock\" \"${PODS_ROOT}/Manifest.lock\" > /dev/null\nif [ $? != 0 ] ; then\n    # print error to STDERR\n    echo \"error: The sandbox is not in sync with the Podfile.lock. Run 'pod install' or update your CocoaPods installation.\" >&2\n    exit 1\nfi\n# This output is used by Xcode 'outputs' to avoid re-running this script phase.\necho \"SUCCESS\" > \"${SCRIPT_OUTPUT_FILE_0}\"\n";
			showEnvVarsInLog = 0;
		};
		D183F1651B09B7B081D1C0DC /* [CP] Embed Pods Frameworks */ = {
			isa = PBXShellScriptBuildPhase;
			buildActionMask = 2147483647;
			files = (
			);
			inputFileListPaths = (
				"${PODS_ROOT}/Target Support Files/Pods-DRMTest/Pods-DRMTest-frameworks-${CONFIGURATION}-input-files.xcfilelist",
			);
			name = "[CP] Embed Pods Frameworks";
			outputFileListPaths = (
				"${PODS_ROOT}/Target Support Files/Pods-DRMTest/Pods-DRMTest-frameworks-${CONFIGURATION}-output-files.xcfilelist",
			);
			runOnlyForDeploymentPostprocessing = 0;
			shellPath = /bin/sh;
			shellScript = "\"${PODS_ROOT}/Target Support Files/Pods-DRMTest/Pods-DRMTest-frameworks.sh\"\n";
			showEnvVarsInLog = 0;
		};
/* End PBXShellScriptBuildPhase section */

/* Begin PBXSourcesBuildPhase section */
		CCDA83A226D0685D0074BB0C /* Sources */ = {
			isa = PBXSourcesBuildPhase;
			buildActionMask = 2147483647;
			files = (
				CCDA83AE26D0685D0074BB0C /* ViewController.swift in Sources */,
				CCDA83AA26D0685D0074BB0C /* AppDelegate.swift in Sources */,
				CCDA83AC26D0685D0074BB0C /* SceneDelegate.swift in Sources */,
			);
			runOnlyForDeploymentPostprocessing = 0;
		};
/* End PBXSourcesBuildPhase section */

/* Begin PBXVariantGroup section */
		CCDA83AF26D0685D0074BB0C /* Main.storyboard */ = {
			isa = PBXVariantGroup;
			children = (
				CCDA83B026D0685D0074BB0C /* Base */,
			);
			name = Main.storyboard;
			sourceTree = "<group>";
		};
		CCDA83B426D0685E0074BB0C /* LaunchScreen.storyboard */ = {
			isa = PBXVariantGroup;
			children = (
				CCDA83B526D0685E0074BB0C /* Base */,
			);
			name = LaunchScreen.storyboard;
			sourceTree = "<group>";
		};
/* End PBXVariantGroup section */

/* Begin XCBuildConfiguration section */
		CCDA83B826D0685E0074BB0C /* Debug */ = {
			isa = XCBuildConfiguration;
			buildSettings = {
				ALWAYS_SEARCH_USER_PATHS = NO;
				CLANG_ANALYZER_NONNULL = YES;
				CLANG_ANALYZER_NUMBER_OBJECT_CONVERSION = YES_AGGRESSIVE;
				CLANG_CXX_LANGUAGE_STANDARD = "gnu++14";
				CLANG_CXX_LIBRARY = "libc++";
				CLANG_ENABLE_MODULES = YES;
				CLANG_ENABLE_OBJC_ARC = YES;
				CLANG_ENABLE_OBJC_WEAK = YES;
				CLANG_WARN_BLOCK_CAPTURE_AUTORELEASING = YES;
				CLANG_WARN_BOOL_CONVERSION = YES;
				CLANG_WARN_COMMA = YES;
				CLANG_WARN_CONSTANT_CONVERSION = YES;
				CLANG_WARN_DEPRECATED_OBJC_IMPLEMENTATIONS = YES;
				CLANG_WARN_DIRECT_OBJC_ISA_USAGE = YES_ERROR;
				CLANG_WARN_DOCUMENTATION_COMMENTS = YES;
				CLANG_WARN_EMPTY_BODY = YES;
				CLANG_WARN_ENUM_CONVERSION = YES;
				CLANG_WARN_INFINITE_RECURSION = YES;
				CLANG_WARN_INT_CONVERSION = YES;
				CLANG_WARN_NON_LITERAL_NULL_CONVERSION = YES;
				CLANG_WARN_OBJC_IMPLICIT_RETAIN_SELF = YES;
				CLANG_WARN_OBJC_LITERAL_CONVERSION = YES;
				CLANG_WARN_OBJC_ROOT_CLASS = YES_ERROR;
				CLANG_WARN_QUOTED_INCLUDE_IN_FRAMEWORK_HEADER = YES;
				CLANG_WARN_RANGE_LOOP_ANALYSIS = YES;
				CLANG_WARN_STRICT_PROTOTYPES = YES;
				CLANG_WARN_SUSPICIOUS_MOVE = YES;
				CLANG_WARN_UNGUARDED_AVAILABILITY = YES_AGGRESSIVE;
				CLANG_WARN_UNREACHABLE_CODE = YES;
				CLANG_WARN__DUPLICATE_METHOD_MATCH = YES;
				COPY_PHASE_STRIP = NO;
				DEBUG_INFORMATION_FORMAT = dwarf;
				ENABLE_STRICT_OBJC_MSGSEND = YES;
				ENABLE_TESTABILITY = YES;
				GCC_C_LANGUAGE_STANDARD = gnu11;
				GCC_DYNAMIC_NO_PIC = NO;
				GCC_NO_COMMON_BLOCKS = YES;
				GCC_OPTIMIZATION_LEVEL = 0;
				GCC_PREPROCESSOR_DEFINITIONS = (
					"DEBUG=1",
					"$(inherited)",
				);
				GCC_WARN_64_TO_32_BIT_CONVERSION = YES;
				GCC_WARN_ABOUT_RETURN_TYPE = YES_ERROR;
				GCC_WARN_UNDECLARED_SELECTOR = YES;
				GCC_WARN_UNINITIALIZED_AUTOS = YES_AGGRESSIVE;
				GCC_WARN_UNUSED_FUNCTION = YES;
				GCC_WARN_UNUSED_VARIABLE = YES;
				IPHONEOS_DEPLOYMENT_TARGET = 14.5;
				MTL_ENABLE_DEBUG_INFO = INCLUDE_SOURCE;
				MTL_FAST_MATH = YES;
				ONLY_ACTIVE_ARCH = YES;
				SDKROOT = iphoneos;
				SWIFT_ACTIVE_COMPILATION_CONDITIONS = DEBUG;
				SWIFT_OPTIMIZATION_LEVEL = "-Onone";
			};
			name = Debug;
		};
		CCDA83B926D0685E0074BB0C /* Release */ = {
			isa = XCBuildConfiguration;
			buildSettings = {
				ALWAYS_SEARCH_USER_PATHS = NO;
				CLANG_ANALYZER_NONNULL = YES;
				CLANG_ANALYZER_NUMBER_OBJECT_CONVERSION = YES_AGGRESSIVE;
				CLANG_CXX_LANGUAGE_STANDARD = "gnu++14";
				CLANG_CXX_LIBRARY = "libc++";
				CLANG_ENABLE_MODULES = YES;
				CLANG_ENABLE_OBJC_ARC = YES;
				CLANG_ENABLE_OBJC_WEAK = YES;
				CLANG_WARN_BLOCK_CAPTURE_AUTORELEASING = YES;
				CLANG_WARN_BOOL_CONVERSION = YES;
				CLANG_WARN_COMMA = YES;
				CLANG_WARN_CONSTANT_CONVERSION = YES;
				CLANG_WARN_DEPRECATED_OBJC_IMPLEMENTATIONS = YES;
				CLANG_WARN_DIRECT_OBJC_ISA_USAGE = YES_ERROR;
				CLANG_WARN_DOCUMENTATION_COMMENTS = YES;
				CLANG_WARN_EMPTY_BODY = YES;
				CLANG_WARN_ENUM_CONVERSION = YES;
				CLANG_WARN_INFINITE_RECURSION = YES;
				CLANG_WARN_INT_CONVERSION = YES;
				CLANG_WARN_NON_LITERAL_NULL_CONVERSION = YES;
				CLANG_WARN_OBJC_IMPLICIT_RETAIN_SELF = YES;
				CLANG_WARN_OBJC_LITERAL_CONVERSION = YES;
				CLANG_WARN_OBJC_ROOT_CLASS = YES_ERROR;
				CLANG_WARN_QUOTED_INCLUDE_IN_FRAMEWORK_HEADER = YES;
				CLANG_WARN_RANGE_LOOP_ANALYSIS = YES;
				CLANG_WARN_STRICT_PROTOTYPES = YES;
				CLANG_WARN_SUSPICIOUS_MOVE = YES;
				CLANG_WARN_UNGUARDED_AVAILABILITY = YES_AGGRESSIVE;
				CLANG_WARN_UNREACHABLE_CODE = YES;
				CLANG_WARN__DUPLICATE_METHOD_MATCH = YES;
				COPY_PHASE_STRIP = NO;
				DEBUG_INFORMATION_FORMAT = "dwarf-with-dsym";
				ENABLE_NS_ASSERTIONS = NO;
				ENABLE_STRICT_OBJC_MSGSEND = YES;
				GCC_C_LANGUAGE_STANDARD = gnu11;
				GCC_NO_COMMON_BLOCKS = YES;
				GCC_WARN_64_TO_32_BIT_CONVERSION = YES;
				GCC_WARN_ABOUT_RETURN_TYPE = YES_ERROR;
				GCC_WARN_UNDECLARED_SELECTOR = YES;
				GCC_WARN_UNINITIALIZED_AUTOS = YES_AGGRESSIVE;
				GCC_WARN_UNUSED_FUNCTION = YES;
				GCC_WARN_UNUSED_VARIABLE = YES;
				IPHONEOS_DEPLOYMENT_TARGET = 14.5;
				MTL_ENABLE_DEBUG_INFO = NO;
				MTL_FAST_MATH = YES;
				SDKROOT = iphoneos;
				SWIFT_COMPILATION_MODE = wholemodule;
				SWIFT_OPTIMIZATION_LEVEL = "-O";
				VALIDATE_PRODUCT = YES;
			};
			name = Release;
		};
		CCDA83BB26D0685E0074BB0C /* Debug */ = {
			isa = XCBuildConfiguration;
			baseConfigurationReference = CAEF6F7EC92AAEDC3CAA5B3E /* Pods-DRMTest.debug.xcconfig */;
			buildSettings = {
				ASSETCATALOG_COMPILER_APPICON_NAME = AppIcon;
				ASSETCATALOG_COMPILER_GLOBAL_ACCENT_COLOR_NAME = AccentColor;
				CODE_SIGN_STYLE = Automatic;
				DEVELOPMENT_TEAM = 4D5GQH66RD;
				INFOPLIST_FILE = DRMTest/Info.plist;
				LD_RUNPATH_SEARCH_PATHS = (
					"$(inherited)",
					"@executable_path/Frameworks",
				);
				PRODUCT_BUNDLE_IDENTIFIER = com.iyunomg.DRMTest;
				PRODUCT_NAME = "$(TARGET_NAME)";
				SWIFT_VERSION = 5.0;
				TARGETED_DEVICE_FAMILY = "1,2";
			};
			name = Debug;
		};
		CCDA83BC26D0685E0074BB0C /* Release */ = {
			isa = XCBuildConfiguration;
			baseConfigurationReference = 80EFC9CAC58219E92DE12A0A /* Pods-DRMTest.release.xcconfig */;
			buildSettings = {
				ASSETCATALOG_COMPILER_APPICON_NAME = AppIcon;
				ASSETCATALOG_COMPILER_GLOBAL_ACCENT_COLOR_NAME = AccentColor;
				CODE_SIGN_STYLE = Automatic;
				DEVELOPMENT_TEAM = 4D5GQH66RD;
				INFOPLIST_FILE = DRMTest/Info.plist;
				LD_RUNPATH_SEARCH_PATHS = (
					"$(inherited)",
					"@executable_path/Frameworks",
				);
				PRODUCT_BUNDLE_IDENTIFIER = com.iyunomg.DRMTest;
				PRODUCT_NAME = "$(TARGET_NAME)";
				SWIFT_VERSION = 5.0;
				TARGETED_DEVICE_FAMILY = "1,2";
			};
			name = Release;
		};
/* End XCBuildConfiguration section */

/* Begin XCConfigurationList section */
		CCDA83A126D0685D0074BB0C /* Build configuration list for PBXProject "DRMTest" */ = {
			isa = XCConfigurationList;
			buildConfigurations = (
				CCDA83B826D0685E0074BB0C /* Debug */,
				CCDA83B926D0685E0074BB0C /* Release */,
			);
			defaultConfigurationIsVisible = 0;
			defaultConfigurationName = Release;
		};
		CCDA83BA26D0685E0074BB0C /* Build configuration list for PBXNativeTarget "DRMTest" */ = {
			isa = XCConfigurationList;
			buildConfigurations = (
				CCDA83BB26D0685E0074BB0C /* Debug */,
				CCDA83BC26D0685E0074BB0C /* Release */,
			);
			defaultConfigurationIsVisible = 0;
			defaultConfigurationName = Release;
		};
/* End XCConfigurationList section */
	};
	rootObject = CCDA839E26D0685D0074BB0C /* Project object */;
}
